// !$*UTF8*$!
{
	archiveVersion = 1;
	classes = {
	};
	objectVersion = 50;
	objects = {

/* Begin PBXBuildFile section */
		7C85CE5023FFF89900A051FE /* AppDelegate.swift in Sources */ = {isa = PBXBuildFile; fileRef = 7C85CE4F23FFF89900A051FE /* AppDelegate.swift */; };
		7C85CE5223FFF89900A051FE /* SceneDelegate.swift in Sources */ = {isa = PBXBuildFile; fileRef = 7C85CE5123FFF89900A051FE /* SceneDelegate.swift */; };
		7C85CE5923FFF89A00A051FE /* Assets.xcassets in Resources */ = {isa = PBXBuildFile; fileRef = 7C85CE5823FFF89A00A051FE /* Assets.xcassets */; };
		7C85CE5C23FFF89A00A051FE /* LaunchScreen.storyboard in Resources */ = {isa = PBXBuildFile; fileRef = 7C85CE5A23FFF89A00A051FE /* LaunchScreen.storyboard */; };
		7C85CE6423FFF9B100A051FE /* UsersViewController.swift in Sources */ = {isa = PBXBuildFile; fileRef = 7C85CE6323FFF9B100A051FE /* UsersViewController.swift */; };
		7C85CE6723FFFC9700A051FE /* User.swift in Sources */ = {isa = PBXBuildFile; fileRef = 7C85CE6623FFFC9700A051FE /* User.swift */; };
/* End PBXBuildFile section */

/* Begin PBXFileReference section */
		7C85CE4C23FFF89900A051FE /* JSONPlaceholderTest.app */ = {isa = PBXFileReference; explicitFileType = wrapper.application; includeInIndex = 0; path = JSONPlaceholderTest.app; sourceTree = BUILT_PRODUCTS_DIR; };
		7C85CE4F23FFF89900A051FE /* AppDelegate.swift */ = {isa = PBXFileReference; lastKnownFileType = sourcecode.swift; path = AppDelegate.swift; sourceTree = "<group>"; };
		7C85CE5123FFF89900A051FE /* SceneDelegate.swift */ = {isa = PBXFileReference; lastKnownFileType = sourcecode.swift; path = SceneDelegate.swift; sourceTree = "<group>"; };
		7C85CE5823FFF89A00A051FE /* Assets.xcassets */ = {isa = PBXFileReference; lastKnownFileType = folder.assetcatalog; path = Assets.xcassets; sourceTree = "<group>"; };
		7C85CE5B23FFF89A00A051FE /* Base */ = {isa = PBXFileReference; lastKnownFileType = file.storyboard; name = Base; path = Base.lproj/LaunchScreen.storyboard; sourceTree = "<group>"; };
		7C85CE5D23FFF89A00A051FE /* Info.plist */ = {isa = PBXFileReference; lastKnownFileType = text.plist.xml; path = Info.plist; sourceTree = "<group>"; };
		7C85CE6323FFF9B100A051FE /* UsersViewController.swift */ = {isa = PBXFileReference; lastKnownFileType = sourcecode.swift; path = UsersViewController.swift; sourceTree = "<group>"; };
		7C85CE6623FFFC9700A051FE /* User.swift */ = {isa = PBXFileReference; lastKnownFileType = sourcecode.swift; path = User.swift; sourceTree = "<group>"; };
/* End PBXFileReference section */

/* Begin PBXFrameworksBuildPhase section */
		7C85CE4923FFF89900A051FE /* Frameworks */ = {
			isa = PBXFrameworksBuildPhase;
			buildActionMask = 2147483647;
			files = (
			);
			runOnlyForDeploymentPostprocessing = 0;
		};
/* End PBXFrameworksBuildPhase section */

/* Begin PBXGroup section */
		7C85CE4323FFF89900A051FE = {
			isa = PBXGroup;
			children = (
				7C85CE4E23FFF89900A051FE /* JSONPlaceholderTest */,
				7C85CE4D23FFF89900A051FE /* Products */,
			);
			sourceTree = "<group>";
		};
		7C85CE4D23FFF89900A051FE /* Products */ = {
			isa = PBXGroup;
			children = (
				7C85CE4C23FFF89900A051FE /* JSONPlaceholderTest.app */,
			);
			name = Products;
			sourceTree = "<group>";
		};
		7C85CE4E23FFF89900A051FE /* JSONPlaceholderTest */ = {
			isa = PBXGroup;
			children = (
				7C85CE6823FFFC9C00A051FE /* Model */,
				7C85CE6523FFFC7C00A051FE /* Controller */,
				7C85CE4F23FFF89900A051FE /* AppDelegate.swift */,
				7C85CE5123FFF89900A051FE /* SceneDelegate.swift */,
				7C85CE5823FFF89A00A051FE /* Assets.xcassets */,
				7C85CE5A23FFF89A00A051FE /* LaunchScreen.storyboard */,
				7C85CE5D23FFF89A00A051FE /* Info.plist */,
			);
			path = JSONPlaceholderTest;
			sourceTree = "<group>";
		};
		7C85CE6523FFFC7C00A051FE /* Controller */ = {
			isa = PBXGroup;
			children = (
				7C85CE6323FFF9B100A051FE /* UsersViewController.swift */,
			);
			path = Controller;
			sourceTree = "<group>";
		};
		7C85CE6823FFFC9C00A051FE /* Model */ = {
			isa = PBXGroup;
			children = (
				7C85CE6623FFFC9700A051FE /* User.swift */,
			);
			path = Model;
			sourceTree = "<group>";
		};
/* End PBXGroup section */

/* Begin PBXNativeTarget section */
		7C85CE4B23FFF89900A051FE /* JSONPlaceholderTest */ = {
			isa = PBXNativeTarget;
			buildConfigurationList = 7C85CE6023FFF89A00A051FE /* Build configuration list for PBXNativeTarget "JSONPlaceholderTest" */;
			buildPhases = (
				7C85CE4823FFF89900A051FE /* Sources */,
				7C85CE4923FFF89900A051FE /* Frameworks */,
				7C85CE4A23FFF89900A051FE /* Resources */,
			);
			buildRules = (
			);
			dependencies = (
			);
			name = JSONPlaceholderTest;
			productName = JSONPlaceholderTest;
			productReference = 7C85CE4C23FFF89900A051FE /* JSONPlaceholderTest.app */;
			productType = "com.apple.product-type.application";
		};
/* End PBXNativeTarget section */

/* Begin PBXProject section */
		7C85CE4423FFF89900A051FE /* Project object */ = {
			isa = PBXProject;
			attributes = {
				LastSwiftUpdateCheck = 1100;
				LastUpgradeCheck = 1100;
				TargetAttributes = {
					7C85CE4B23FFF89900A051FE = {
						CreatedOnToolsVersion = 11.0;
					};
				};
			};
			buildConfigurationList = 7C85CE4723FFF89900A051FE /* Build configuration list for PBXProject "JSONPlaceholderTest" */;
			compatibilityVersion = "Xcode 9.3";
			developmentRegion = en;
			hasScannedForEncodings = 0;
			knownRegions = (
				en,
				Base,
			);
			mainGroup = 7C85CE4323FFF89900A051FE;
			productRefGroup = 7C85CE4D23FFF89900A051FE /* Products */;
			projectDirPath = "";
			projectRoot = "";
			targets = (
				7C85CE4B23FFF89900A051FE /* JSONPlaceholderTest */,
			);
		};
/* End PBXProject section */

/* Begin PBXResourcesBuildPhase section */
		7C85CE4A23FFF89900A051FE /* Resources */ = {
			isa = PBXResourcesBuildPhase;
			buildActionMask = 2147483647;
			files = (
				7C85CE5C23FFF89A00A051FE /* LaunchScreen.storyboard in Resources */,
				7C85CE5923FFF89A00A051FE /* Assets.xcassets in Resources */,
			);
			runOnlyForDeploymentPostprocessing = 0;
		};
/* End PBXResourcesBuildPhase section */

/* Begin PBXSourcesBuildPhase section */
		7C85CE4823FFF89900A051FE /* Sources */ = {
			isa = PBXSourcesBuildPhase;
			buildActionMask = 2147483647;
			files = (
				7C85CE6723FFFC9700A051FE /* User.swift in Sources */,
				7C85CE6423FFF9B100A051FE /* UsersViewController.swift in Sources */,
				7C85CE5023FFF89900A051FE /* AppDelegate.swift in Sources */,
				7C85CE5223FFF89900A051FE /* SceneDelegate.swift in Sources */,
			);
			runOnlyForDeploymentPostprocessing = 0;
		};
/* End PBXSourcesBuildPhase section */

/* Begin PBXVariantGroup section */
		7C85CE5A23FFF89A00A051FE /* LaunchScreen.storyboard */ = {
			isa = PBXVariantGroup;
			children = (
				7C85CE5B23FFF89A00A051FE /* Base */,
			);
			name = LaunchScreen.storyboard;
			sourceTree = "<group>";
		};
/* End PBXVariantGroup section */

/* Begin XCBuildConfiguration section */
		7C85CE5E23FFF89A00A051FE /* Debug */ = {
			isa = XCBuildConfiguration;
			buildSettings = {
				ALWAYS_SEARCH_USER_PATHS = NO;
				CLANG_ANALYZER_NONNULL = YES;
				CLANG_ANALYZER_NUMBER_OBJECT_CONVERSION = YES_AGGRESSIVE;
				CLANG_CXX_LANGUAGE_STANDARD = "gnu++14";
				CLANG_CXX_LIBRARY = "libc++";
				CLANG_ENABLE_MODULES = YES;
				CLANG_ENABLE_OBJC_ARC = YES;
				CLANG_ENABLE_OBJC_WEAK = YES;
				CLANG_WARN_BLOCK_CAPTURE_AUTORELEASING = YES;
				CLANG_WARN_BOOL_CONVERSION = YES;
				CLANG_WARN_COMMA = YES;
				CLANG_WARN_CONSTANT_CONVERSION = YES;
				CLANG_WARN_DEPRECATED_OBJC_IMPLEMENTATIONS = YES;
				CLANG_WARN_DIRECT_OBJC_ISA_USAGE = YES_ERROR;
				CLANG_WARN_DOCUMENTATION_COMMENTS = YES;
				CLANG_WARN_EMPTY_BODY = YES;
				CLANG_WARN_ENUM_CONVERSION = YES;
				CLANG_WARN_INFINITE_RECURSION = YES;
				CLANG_WARN_INT_CONVERSION = YES;
				CLANG_WARN_NON_LITERAL_NULL_CONVERSION = YES;
				CLANG_WARN_OBJC_IMPLICIT_RETAIN_SELF = YES;
				CLANG_WARN_OBJC_LITERAL_CONVERSION = YES;
				CLANG_WARN_OBJC_ROOT_CLASS = YES_ERROR;
				CLANG_WARN_RANGE_LOOP_ANALYSIS = YES;
				CLANG_WARN_STRICT_PROTOTYPES = YES;
				CLANG_WARN_SUSPICIOUS_MOVE = YES;
				CLANG_WARN_UNGUARDED_AVAILABILITY = YES_AGGRESSIVE;
				CLANG_WARN_UNREACHABLE_CODE = YES;
				CLANG_WARN__DUPLICATE_METHOD_MATCH = YES;
				COPY_PHASE_STRIP = NO;
				DEBUG_INFORMATION_FORMAT = dwarf;
				ENABLE_STRICT_OBJC_MSGSEND = YES;
				ENABLE_TESTABILITY = YES;
				GCC_C_LANGUAGE_STANDARD = gnu11;
				GCC_DYNAMIC_NO_PIC = NO;
				GCC_NO_COMMON_BLOCKS = YES;
				GCC_OPTIMIZATION_LEVEL = 0;
				GCC_PREPROCESSOR_DEFINITIONS = (
					"DEBUG=1",
					"$(inherited)",
				);
				GCC_WARN_64_TO_32_BIT_CONVERSION = YES;
				GCC_WARN_ABOUT_RETURN_TYPE = YES_ERROR;
				GCC_WARN_UNDECLARED_SELECTOR = YES;
				GCC_WARN_UNINITIALIZED_AUTOS = YES_AGGRESSIVE;
				GCC_WARN_UNUSED_FUNCTION = YES;
				GCC_WARN_UNUSED_VARIABLE = YES;
				IPHONEOS_DEPLOYMENT_TARGET = 13.0;
				MTL_ENABLE_DEBUG_INFO = INCLUDE_SOURCE;
				MTL_FAST_MATH = YES;
				ONLY_ACTIVE_ARCH = YES;
				SDKROOT = iphoneos;
				SWIFT_ACTIVE_COMPILATION_CONDITIONS = DEBUG;
				SWIFT_OPTIMIZATION_LEVEL = "-Onone";
			};
			name = Debug;
		};
		7C85CE5F23FFF89A00A051FE /* Release */ = {
			isa = XCBuildConfiguration;
			buildSettings = {
				ALWAYS_SEARCH_USER_PATHS = NO;
				CLANG_ANALYZER_NONNULL = YES;
				CLANG_ANALYZER_NUMBER_OBJECT_CONVERSION = YES_AGGRESSIVE;
				CLANG_CXX_LANGUAGE_STANDARD = "gnu++14";
				CLANG_CXX_LIBRARY = "libc++";
				CLANG_ENABLE_MODULES = YES;
				CLANG_ENABLE_OBJC_ARC = YES;
				CLANG_ENABLE_OBJC_WEAK = YES;
				CLANG_WARN_BLOCK_CAPTURE_AUTORELEASING = YES;
				CLANG_WARN_BOOL_CONVERSION = YES;
				CLANG_WARN_COMMA = YES;
				CLANG_WARN_CONSTANT_CONVERSION = YES;
				CLANG_WARN_DEPRECATED_OBJC_IMPLEMENTATIONS = YES;
				CLANG_WARN_DIRECT_OBJC_ISA_USAGE = YES_ERROR;
				CLANG_WARN_DOCUMENTATION_COMMENTS = YES;
				CLANG_WARN_EMPTY_BODY = YES;
				CLANG_WARN_ENUM_CONVERSION = YES;
				CLANG_WARN_INFINITE_RECURSION = YES;
				CLANG_WARN_INT_CONVERSION = YES;
				CLANG_WARN_NON_LITERAL_NULL_CONVERSION = YES;
				CLANG_WARN_OBJC_IMPLICIT_RETAIN_SELF = YES;
				CLANG_WARN_OBJC_LITERAL_CONVERSION = YES;
				CLANG_WARN_OBJC_ROOT_CLASS = YES_ERROR;
				CLANG_WARN_RANGE_LOOP_ANALYSIS = YES;
				CLANG_WARN_STRICT_PROTOTYPES = YES;
				CLANG_WARN_SUSPICIOUS_MOVE = YES;
				CLANG_WARN_UNGUARDED_AVAILABILITY = YES_AGGRESSIVE;
				CLANG_WARN_UNREACHABLE_CODE = YES;
				CLANG_WARN__DUPLICATE_METHOD_MATCH = YES;
				COPY_PHASE_STRIP = NO;
				DEBUG_INFORMATION_FORMAT = "dwarf-with-dsym";
				ENABLE_NS_ASSERTIONS = NO;
				ENABLE_STRICT_OBJC_MSGSEND = YES;
				GCC_C_LANGUAGE_STANDARD = gnu11;
				GCC_NO_COMMON_BLOCKS = YES;
				GCC_WARN_64_TO_32_BIT_CONVERSION = YES;
				GCC_WARN_ABOUT_RETURN_TYPE = YES_ERROR;
				GCC_WARN_UNDECLARED_SELECTOR = YES;
				GCC_WARN_UNINITIALIZED_AUTOS = YES_AGGRESSIVE;
				GCC_WARN_UNUSED_FUNCTION = YES;
				GCC_WARN_UNUSED_VARIABLE = YES;
				IPHONEOS_DEPLOYMENT_TARGET = 13.0;
				MTL_ENABLE_DEBUG_INFO = NO;
				MTL_FAST_MATH = YES;
				SDKROOT = iphoneos;
				SWIFT_COMPILATION_MODE = wholemodule;
				SWIFT_OPTIMIZATION_LEVEL = "-O";
				VALIDATE_PRODUCT = YES;
			};
			name = Release;
		};
		7C85CE6123FFF89A00A051FE /* Debug */ = {
			isa = XCBuildConfiguration;
			buildSettings = {
				ASSETCATALOG_COMPILER_APPICON_NAME = AppIcon;
				CODE_SIGN_STYLE = Automatic;
				INFOPLIST_FILE = JSONPlaceholderTest/Info.plist;
				IPHONEOS_DEPLOYMENT_TARGET = 11.0;
				LD_RUNPATH_SEARCH_PATHS = (
					"$(inherited)",
					"@executable_path/Frameworks",
				);
				PRODUCT_BUNDLE_IDENTIFIER = dvpris06.JSONPlaceholderTest;
				PRODUCT_NAME = "$(TARGET_NAME)";
				SWIFT_VERSION = 5.0;
				TARGETED_DEVICE_FAMILY = "1,2";
			};
			name = Debug;
		};
		7C85CE6223FFF89A00A051FE /* Release */ = {
			isa = XCBuildConfiguration;
			buildSettings = {
				ASSETCATALOG_COMPILER_APPICON_NAME = AppIcon;
				CODE_SIGN_STYLE = Automatic;
				INFOPLIST_FILE = JSONPlaceholderTest/Info.plist;
				IPHONEOS_DEPLOYMENT_TARGET = 11.0;
				LD_RUNPATH_SEARCH_PATHS = (
					"$(inherited)",
					"@executable_path/Frameworks",
				);
				PRODUCT_BUNDLE_IDENTIFIER = dvpris06.JSONPlaceholderTest;
				PRODUCT_NAME = "$(TARGET_NAME)";
				SWIFT_VERSION = 5.0;
				TARGETED_DEVICE_FAMILY = "1,2";
			};
			name = Release;
		};
/* End XCBuildConfiguration section */

/* Begin XCConfigurationList section */
		7C85CE4723FFF89900A051FE /* Build configuration list for PBXProject "JSONPlaceholderTest" */ = {
			isa = XCConfigurationList;
			buildConfigurations = (
				7C85CE5E23FFF89A00A051FE /* Debug */,
				7C85CE5F23FFF89A00A051FE /* Release */,
			);
			defaultConfigurationIsVisible = 0;
			defaultConfigurationName = Release;
		};
		7C85CE6023FFF89A00A051FE /* Build configuration list for PBXNativeTarget "JSONPlaceholderTest" */ = {
			isa = XCConfigurationList;
			buildConfigurations = (
				7C85CE6123FFF89A00A051FE /* Debug */,
				7C85CE6223FFF89A00A051FE /* Release */,
			);
			defaultConfigurationIsVisible = 0;
			defaultConfigurationName = Release;
		};
/* End XCConfigurationList section */
	};
	rootObject = 7C85CE4423FFF89900A051FE /* Project object */;
}
